
Microsoft Visual Studio Solution File, Format Version 12.00
# Visual Studio Version 17
VisualStudioVersion = 17.7.34031.279
MinimumVisualStudioVersion = 10.0.40219.1
Project("{FAE04EC0-301F-11D3-BF4B-00C04F79EFBC}") = "WebApplication1", "WebApplication1\WebApplication1.csproj", "{56150C27-4505-4CFD-82B6-285B6483994D}"
EndProject
Global
	GlobalSection(SolutionConfigurationPlatforms) = preSolution
		Debug|Any CPU = Debug|Any CPU
		Release|Any CPU = Release|Any CPU
	EndGlobalSection
	GlobalSection(ProjectConfigurationPlatforms) = postSolution
		{56150C27-4505-4CFD-82B6-285B6483994D}.Debug|Any CPU.ActiveCfg = Debug|Any CPU
		{56150C27-4505-4CFD-82B6-285B6483994D}.Debug|Any CPU.Build.0 = Debug|Any CPU
		{56150C27-4505-4CFD-82B6-285B6483994D}.Release|Any CPU.ActiveCfg = Release|Any CPU
		{56150C27-4505-4CFD-82B6-285B6483994D}.Release|Any CPU.Build.0 = Release|Any CPU
	EndGlobalSection
	GlobalSection(SolutionProperties) = preSolution
		HideSolutionNode = FALSE
	EndGlobalSection
	GlobalSection(ExtensibilityGlobals) = postSolution
		SolutionGuid = {925E389B-4019-476E-AE6A-FD0BE0522E12}
	EndGlobalSection
EndGlobal
